
Microsoft Visual Studio Solution File, Format Version 12.00
# Visual Studio Version 17
VisualStudioVersion = 17.5.002.0
MinimumVisualStudioVersion = 10.0.40219.1
Project("{9A19103F-16F7-4668-BE54-9A1E7A4F7556}") = "NurseCourse", "NurseCourse.csproj", "{F3DFAF6F-AE1D-4F22-9BCC-7748A3218D43}"
EndProject
Global
	GlobalSection(SolutionConfigurationPlatforms) = preSolution
		Debug|Any CPU = Debug|Any CPU
		Release|Any CPU = Release|Any CPU
	EndGlobalSection
	GlobalSection(ProjectConfigurationPlatforms) = postSolution
		{F3DFAF6F-AE1D-4F22-9BCC-7748A3218D43}.Debug|Any CPU.ActiveCfg = Debug|Any CPU
		{F3DFAF6F-AE1D-4F22-9BCC-7748A3218D43}.Debug|Any CPU.Build.0 = Debug|Any CPU
		{F3DFAF6F-AE1D-4F22-9BCC-7748A3218D43}.Release|Any CPU.ActiveCfg = Release|Any CPU
		{F3DFAF6F-AE1D-4F22-9BCC-7748A3218D43}.Release|Any CPU.Build.0 = Release|Any CPU
	EndGlobalSection
	GlobalSection(SolutionProperties) = preSolution
		HideSolutionNode = FALSE
	EndGlobalSection
	GlobalSection(ExtensibilityGlobals) = postSolution
		SolutionGuid = {5D09CE52-FB76-4C33-A58A-EC345DDA6DC2}
	EndGlobalSection
EndGlobal
